
Microsoft Visual Studio Solution File, Format Version 12.00
# Visual Studio Version 17
VisualStudioVersion = 17.0.31903.59
MinimumVisualStudioVersion = 10.0.40219.1
Project("{FAE04EC0-301F-11D3-BF4B-00C04F79EFBC}") = "src", "src\src.csproj", "{61C2493F-47FD-4319-B0AD-1F87B23B380A}"
EndProject
Project("{FAE04EC0-301F-11D3-BF4B-00C04F79EFBC}") = "test", "test\test.csproj", "{4C700566-D264-4B31-AEEC-6FAD570E317A}"
EndProject
Global
	GlobalSection(SolutionConfigurationPlatforms) = preSolution
		Debug|Any CPU = Debug|Any CPU
		Release|Any CPU = Release|Any CPU
	EndGlobalSection
	GlobalSection(SolutionProperties) = preSolution
		HideSolutionNode = FALSE
	EndGlobalSection
	GlobalSection(ProjectConfigurationPlatforms) = postSolution
		{61C2493F-47FD-4319-B0AD-1F87B23B380A}.Debug|Any CPU.ActiveCfg = Debug|Any CPU
		{61C2493F-47FD-4319-B0AD-1F87B23B380A}.Debug|Any CPU.Build.0 = Debug|Any CPU
		{61C2493F-47FD-4319-B0AD-1F87B23B380A}.Release|Any CPU.ActiveCfg = Release|Any CPU
		{61C2493F-47FD-4319-B0AD-1F87B23B380A}.Release|Any CPU.Build.0 = Release|Any CPU
		{4C700566-D264-4B31-AEEC-6FAD570E317A}.Debug|Any CPU.ActiveCfg = Debug|Any CPU
		{4C700566-D264-4B31-AEEC-6FAD570E317A}.Debug|Any CPU.Build.0 = Debug|Any CPU
		{4C700566-D264-4B31-AEEC-6FAD570E317A}.Release|Any CPU.ActiveCfg = Release|Any CPU
		{4C700566-D264-4B31-AEEC-6FAD570E317A}.Release|Any CPU.Build.0 = Release|Any CPU
	EndGlobalSection
EndGlobal
