
Microsoft Visual Studio Solution File, Format Version 12.00
# Visual Studio Version 17
VisualStudioVersion = 17.0.31903.59
MinimumVisualStudioVersion = 10.0.40219.1
Project("{FAE04EC0-301F-11D3-BF4B-00C04F79EFBC}") = "src", "src\src.csproj", "{5CE7C635-E896-4838-AE77-B00C7F3F6390}"
EndProject
Project("{FAE04EC0-301F-11D3-BF4B-00C04F79EFBC}") = "test", "test\test.csproj", "{A1322F99-48CC-4554-B050-AE5354D7F9F2}"
EndProject
Global
	GlobalSection(SolutionConfigurationPlatforms) = preSolution
		Debug|Any CPU = Debug|Any CPU
		Release|Any CPU = Release|Any CPU
	EndGlobalSection
	GlobalSection(SolutionProperties) = preSolution
		HideSolutionNode = FALSE
	EndGlobalSection
	GlobalSection(ProjectConfigurationPlatforms) = postSolution
		{5CE7C635-E896-4838-AE77-B00C7F3F6390}.Debug|Any CPU.ActiveCfg = Debug|Any CPU
		{5CE7C635-E896-4838-AE77-B00C7F3F6390}.Debug|Any CPU.Build.0 = Debug|Any CPU
		{5CE7C635-E896-4838-AE77-B00C7F3F6390}.Release|Any CPU.ActiveCfg = Release|Any CPU
		{5CE7C635-E896-4838-AE77-B00C7F3F6390}.Release|Any CPU.Build.0 = Release|Any CPU
		{A1322F99-48CC-4554-B050-AE5354D7F9F2}.Debug|Any CPU.ActiveCfg = Debug|Any CPU
		{A1322F99-48CC-4554-B050-AE5354D7F9F2}.Debug|Any CPU.Build.0 = Debug|Any CPU
		{A1322F99-48CC-4554-B050-AE5354D7F9F2}.Release|Any CPU.ActiveCfg = Release|Any CPU
		{A1322F99-48CC-4554-B050-AE5354D7F9F2}.Release|Any CPU.Build.0 = Release|Any CPU
	EndGlobalSection
EndGlobal
